
Microsoft Visual Studio Solution File, Format Version 12.00
Project("{FAE04EC0-301F-11D3-BF4B-00C04F79EFBC}") = "http_client", "http_client\http_client.csproj", "{99073BB8-DBED-44D1-AD4C-E06B5971598D}"
EndProject
Global
	GlobalSection(SolutionConfigurationPlatforms) = preSolution
		Debug|Any CPU = Debug|Any CPU
		Release|Any CPU = Release|Any CPU
	EndGlobalSection
	GlobalSection(ProjectConfigurationPlatforms) = postSolution
		{99073BB8-DBED-44D1-AD4C-E06B5971598D}.Debug|Any CPU.ActiveCfg = Debug|Any CPU
		{99073BB8-DBED-44D1-AD4C-E06B5971598D}.Debug|Any CPU.Build.0 = Debug|Any CPU
		{99073BB8-DBED-44D1-AD4C-E06B5971598D}.Release|Any CPU.ActiveCfg = Release|Any CPU
		{99073BB8-DBED-44D1-AD4C-E06B5971598D}.Release|Any CPU.Build.0 = Release|Any CPU
	EndGlobalSection
EndGlobal
